
Microsoft Visual Studio Solution File, Format Version 12.00
# Visual Studio Version 17
VisualStudioVersion = 17.14.36616.10 d17.14
MinimumVisualStudioVersion = 10.0.40219.1
Project("{FAE04EC0-301F-11D3-BF4B-00C04F79EFBC}") = "LeetCode", "LeetCode\LeetCode.csproj", "{C9E58CF8-5055-4EA3-AD46-928591D43F68}"
EndProject
Global
	GlobalSection(SolutionConfigurationPlatforms) = preSolution
		Debug|Any CPU = Debug|Any CPU
		Release|Any CPU = Release|Any CPU
	EndGlobalSection
	GlobalSection(ProjectConfigurationPlatforms) = postSolution
		{C9E58CF8-5055-4EA3-AD46-928591D43F68}.Debug|Any CPU.ActiveCfg = Debug|Any CPU
		{C9E58CF8-5055-4EA3-AD46-928591D43F68}.Debug|Any CPU.Build.0 = Debug|Any CPU
		{C9E58CF8-5055-4EA3-AD46-928591D43F68}.Release|Any CPU.ActiveCfg = Release|Any CPU
		{C9E58CF8-5055-4EA3-AD46-928591D43F68}.Release|Any CPU.Build.0 = Release|Any CPU
	EndGlobalSection
	GlobalSection(SolutionProperties) = preSolution
		HideSolutionNode = FALSE
	EndGlobalSection
	GlobalSection(ExtensibilityGlobals) = postSolution
		SolutionGuid = {82496930-1D47-4059-B115-7028750757FA}
	EndGlobalSection
EndGlobal
